// !$*UTF8*$!
{
	archiveVersion = 1;
	classes = {
	};
	objectVersion = 46;
	objects = {

/* Begin PBXBuildFile section */
		0ABA988317CF250D00542B09 /* Auth_iPhone.storyboard in Resources */ = {isa = PBXBuildFile; fileRef = 0ABA988217CF250D00542B09 /* Auth_iPhone.storyboard */; };
		0ABA988517CF251E00542B09 /* Auth_iPad.storyboard in Resources */ = {isa = PBXBuildFile; fileRef = 0ABA988417CF251E00542B09 /* Auth_iPad.storyboard */; };
		0ABA988A17CF256600542B09 /* KSSignupViewController.m in Sources */ = {isa = PBXBuildFile; fileRef = 0ABA988917CF256600542B09 /* KSSignupViewController.m */; };
		0ABA988D17CF256D00542B09 /* KSLoginViewController.m in Sources */ = {isa = PBXBuildFile; fileRef = 0ABA988C17CF256D00542B09 /* KSLoginViewController.m */; };
		0ABA98D817CF296A00542B09 /* KSHelper.m in Sources */ = {isa = PBXBuildFile; fileRef = 0ABA98D717CF296A00542B09 /* KSHelper.m */; };
		0AC2015417CB0F8800A410E0 /* Foundation.framework in Frameworks */ = {isa = PBXBuildFile; fileRef = 0AC2015317CB0F8800A410E0 /* Foundation.framework */; };
		0AC2015617CB0F8800A410E0 /* CoreGraphics.framework in Frameworks */ = {isa = PBXBuildFile; fileRef = 0AC2015517CB0F8800A410E0 /* CoreGraphics.framework */; };
		0AC2015817CB0F8800A410E0 /* UIKit.framework in Frameworks */ = {isa = PBXBuildFile; fileRef = 0AC2015717CB0F8800A410E0 /* UIKit.framework */; };
		0AC2015A17CB0F8800A410E0 /* CoreData.framework in Frameworks */ = {isa = PBXBuildFile; fileRef = 0AC2015917CB0F8800A410E0 /* CoreData.framework */; };
		0AC2016017CB0F8800A410E0 /* InfoPlist.strings in Resources */ = {isa = PBXBuildFile; fileRef = 0AC2015E17CB0F8800A410E0 /* InfoPlist.strings */; };
		0AC2016217CB0F8800A410E0 /* main.m in Sources */ = {isa = PBXBuildFile; fileRef = 0AC2016117CB0F8800A410E0 /* main.m */; };
		0AC2016617CB0F8800A410E0 /* KSAppDelegate.m in Sources */ = {isa = PBXBuildFile; fileRef = 0AC2016517CB0F8800A410E0 /* KSAppDelegate.m */; };
		0AC2016917CB0F8800A410E0 /* Main_iPhone.storyboard in Resources */ = {isa = PBXBuildFile; fileRef = 0AC2016717CB0F8800A410E0 /* Main_iPhone.storyboard */; };
		0AC2016C17CB0F8800A410E0 /* Main_iPad.storyboard in Resources */ = {isa = PBXBuildFile; fileRef = 0AC2016A17CB0F8800A410E0 /* Main_iPad.storyboard */; };
		0AC2016F17CB0F8800A410E0 /* Example.xcdatamodeld in Sources */ = {isa = PBXBuildFile; fileRef = 0AC2016D17CB0F8800A410E0 /* Example.xcdatamodeld */; };
		0AC2017217CB0F8800A410E0 /* KSMasterViewController.m in Sources */ = {isa = PBXBuildFile; fileRef = 0AC2017117CB0F8800A410E0 /* KSMasterViewController.m */; };
		0AC2017517CB0F8800A410E0 /* KSDetailViewController.m in Sources */ = {isa = PBXBuildFile; fileRef = 0AC2017417CB0F8800A410E0 /* KSDetailViewController.m */; };
		0AC2017717CB0F8800A410E0 /* Images.xcassets in Resources */ = {isa = PBXBuildFile; fileRef = 0AC2017617CB0F8800A410E0 /* Images.xcassets */; };
		0AC2017E17CB0F8800A410E0 /* XCTest.framework in Frameworks */ = {isa = PBXBuildFile; fileRef = 0AC2017D17CB0F8800A410E0 /* XCTest.framework */; };
		0AC2017F17CB0F8800A410E0 /* Foundation.framework in Frameworks */ = {isa = PBXBuildFile; fileRef = 0AC2015317CB0F8800A410E0 /* Foundation.framework */; };
		0AC2018017CB0F8800A410E0 /* UIKit.framework in Frameworks */ = {isa = PBXBuildFile; fileRef = 0AC2015717CB0F8800A410E0 /* UIKit.framework */; };
		0AC2018117CB0F8800A410E0 /* CoreData.framework in Frameworks */ = {isa = PBXBuildFile; fileRef = 0AC2015917CB0F8800A410E0 /* CoreData.framework */; };
		0AC2018917CB0F8800A410E0 /* InfoPlist.strings in Resources */ = {isa = PBXBuildFile; fileRef = 0AC2018717CB0F8800A410E0 /* InfoPlist.strings */; };
		0AC2018B17CB0F8800A410E0 /* ExampleTests.m in Sources */ = {isa = PBXBuildFile; fileRef = 0AC2018A17CB0F8800A410E0 /* ExampleTests.m */; };
		0AC2019E17CB10CF00A410E0 /* KSGlobals.m in Sources */ = {isa = PBXBuildFile; fileRef = 0AC2019D17CB10CF00A410E0 /* KSGlobals.m */; };
		0AC201B017CB121400A410E0 /* KSUser.m in Sources */ = {isa = PBXBuildFile; fileRef = 0AC201AF17CB121400A410E0 /* KSUser.m */; };
		0AC201B317CB121400A410E0 /* KSNotification.m in Sources */ = {isa = PBXBuildFile; fileRef = 0AC201B217CB121400A410E0 /* KSNotification.m */; };
		0AC201B617CB121400A410E0 /* KSProject.m in Sources */ = {isa = PBXBuildFile; fileRef = 0AC201B517CB121400A410E0 /* KSProject.m */; };
		0AC201B917CB121400A410E0 /* KSTask.m in Sources */ = {isa = PBXBuildFile; fileRef = 0AC201B817CB121400A410E0 /* KSTask.m */; };
		0AC201BC17CB121F00A410E0 /* KSSession.m in Sources */ = {isa = PBXBuildFile; fileRef = 0AC201BB17CB121F00A410E0 /* KSSession.m */; };
		0AC201C217CB12AE00A410E0 /* KSProjectsViewController.m in Sources */ = {isa = PBXBuildFile; fileRef = 0AC201C117CB12AE00A410E0 /* KSProjectsViewController.m */; };
		0AC201C517CB12BA00A410E0 /* KSTasksViewController.m in Sources */ = {isa = PBXBuildFile; fileRef = 0AC201C417CB12BA00A410E0 /* KSTasksViewController.m */; };
		0AC201C817CB12DC00A410E0 /* KSAuthenticationViewController.m in Sources */ = {isa = PBXBuildFile; fileRef = 0AC201C717CB12DC00A410E0 /* KSAuthenticationViewController.m */; };
/* End PBXBuildFile section */

/* Begin PBXContainerItemProxy section */
		0AC2018217CB0F8800A410E0 /* PBXContainerItemProxy */ = {
			isa = PBXContainerItemProxy;
			containerPortal = 0AC2014817CB0F8800A410E0 /* Project object */;
			proxyType = 1;
			remoteGlobalIDString = 0AC2014F17CB0F8800A410E0;
			remoteInfo = Example;
		};
/* End PBXContainerItemProxy section */

/* Begin PBXFileReference section */
		0ABA988217CF250D00542B09 /* Auth_iPhone.storyboard */ = {isa = PBXFileReference; fileEncoding = 4; lastKnownFileType = file.storyboard; path = Auth_iPhone.storyboard; sourceTree = "<group>"; };
		0ABA988417CF251E00542B09 /* Auth_iPad.storyboard */ = {isa = PBXFileReference; fileEncoding = 4; lastKnownFileType = file.storyboard; path = Auth_iPad.storyboard; sourceTree = "<group>"; };
		0ABA988817CF256600542B09 /* KSSignupViewController.h */ = {isa = PBXFileReference; fileEncoding = 4; lastKnownFileType = sourcecode.c.h; path = KSSignupViewController.h; sourceTree = "<group>"; };
		0ABA988917CF256600542B09 /* KSSignupViewController.m */ = {isa = PBXFileReference; fileEncoding = 4; lastKnownFileType = sourcecode.c.objc; path = KSSignupViewController.m; sourceTree = "<group>"; };
		0ABA988B17CF256D00542B09 /* KSLoginViewController.h */ = {isa = PBXFileReference; fileEncoding = 4; lastKnownFileType = sourcecode.c.h; path = KSLoginViewController.h; sourceTree = "<group>"; };
		0ABA988C17CF256D00542B09 /* KSLoginViewController.m */ = {isa = PBXFileReference; fileEncoding = 4; lastKnownFileType = sourcecode.c.objc; path = KSLoginViewController.m; sourceTree = "<group>"; };
		0ABA98D617CF296A00542B09 /* KSHelper.h */ = {isa = PBXFileReference; fileEncoding = 4; lastKnownFileType = sourcecode.c.h; path = KSHelper.h; sourceTree = "<group>"; };
		0ABA98D717CF296A00542B09 /* KSHelper.m */ = {isa = PBXFileReference; fileEncoding = 4; lastKnownFileType = sourcecode.c.objc; path = KSHelper.m; sourceTree = "<group>"; };
		0AC2015017CB0F8800A410E0 /* Example.app */ = {isa = PBXFileReference; explicitFileType = wrapper.application; includeInIndex = 0; path = Example.app; sourceTree = BUILT_PRODUCTS_DIR; };
		0AC2015317CB0F8800A410E0 /* Foundation.framework */ = {isa = PBXFileReference; lastKnownFileType = wrapper.framework; name = Foundation.framework; path = System/Library/Frameworks/Foundation.framework; sourceTree = SDKROOT; };
		0AC2015517CB0F8800A410E0 /* CoreGraphics.framework */ = {isa = PBXFileReference; lastKnownFileType = wrapper.framework; name = CoreGraphics.framework; path = System/Library/Frameworks/CoreGraphics.framework; sourceTree = SDKROOT; };
		0AC2015717CB0F8800A410E0 /* UIKit.framework */ = {isa = PBXFileReference; lastKnownFileType = wrapper.framework; name = UIKit.framework; path = System/Library/Frameworks/UIKit.framework; sourceTree = SDKROOT; };
		0AC2015917CB0F8800A410E0 /* CoreData.framework */ = {isa = PBXFileReference; lastKnownFileType = wrapper.framework; name = CoreData.framework; path = System/Library/Frameworks/CoreData.framework; sourceTree = SDKROOT; };
		0AC2015D17CB0F8800A410E0 /* Example-Info.plist */ = {isa = PBXFileReference; lastKnownFileType = text.plist.xml; path = "Example-Info.plist"; sourceTree = "<group>"; };
		0AC2015F17CB0F8800A410E0 /* en */ = {isa = PBXFileReference; lastKnownFileType = text.plist.strings; name = en; path = en.lproj/InfoPlist.strings; sourceTree = "<group>"; };
		0AC2016117CB0F8800A410E0 /* main.m */ = {isa = PBXFileReference; lastKnownFileType = sourcecode.c.objc; path = main.m; sourceTree = "<group>"; };
		0AC2016317CB0F8800A410E0 /* Example-Prefix.pch */ = {isa = PBXFileReference; lastKnownFileType = sourcecode.c.h; path = "Example-Prefix.pch"; sourceTree = "<group>"; };
		0AC2016417CB0F8800A410E0 /* KSAppDelegate.h */ = {isa = PBXFileReference; lastKnownFileType = sourcecode.c.h; path = KSAppDelegate.h; sourceTree = "<group>"; };
		0AC2016517CB0F8800A410E0 /* KSAppDelegate.m */ = {isa = PBXFileReference; lastKnownFileType = sourcecode.c.objc; path = KSAppDelegate.m; sourceTree = "<group>"; };
		0AC2016817CB0F8800A410E0 /* Base */ = {isa = PBXFileReference; lastKnownFileType = file.storyboard; name = Base; path = Base.lproj/Main_iPhone.storyboard; sourceTree = "<group>"; };
		0AC2016B17CB0F8800A410E0 /* Base */ = {isa = PBXFileReference; lastKnownFileType = file.storyboard; name = Base; path = Base.lproj/Main_iPad.storyboard; sourceTree = "<group>"; };
		0AC2016E17CB0F8800A410E0 /* Example.xcdatamodel */ = {isa = PBXFileReference; lastKnownFileType = wrapper.xcdatamodel; path = Example.xcdatamodel; sourceTree = "<group>"; };
		0AC2017017CB0F8800A410E0 /* KSMasterViewController.h */ = {isa = PBXFileReference; lastKnownFileType = sourcecode.c.h; path = KSMasterViewController.h; sourceTree = "<group>"; };
		0AC2017117CB0F8800A410E0 /* KSMasterViewController.m */ = {isa = PBXFileReference; lastKnownFileType = sourcecode.c.objc; path = KSMasterViewController.m; sourceTree = "<group>"; };
		0AC2017317CB0F8800A410E0 /* KSDetailViewController.h */ = {isa = PBXFileReference; lastKnownFileType = sourcecode.c.h; path = KSDetailViewController.h; sourceTree = "<group>"; };
		0AC2017417CB0F8800A410E0 /* KSDetailViewController.m */ = {isa = PBXFileReference; lastKnownFileType = sourcecode.c.objc; path = KSDetailViewController.m; sourceTree = "<group>"; };
		0AC2017617CB0F8800A410E0 /* Images.xcassets */ = {isa = PBXFileReference; lastKnownFileType = folder.assetcatalog; path = Images.xcassets; sourceTree = "<group>"; };
		0AC2017C17CB0F8800A410E0 /* ExampleTests.xctest */ = {isa = PBXFileReference; explicitFileType = wrapper.cfbundle; includeInIndex = 0; path = ExampleTests.xctest; sourceTree = BUILT_PRODUCTS_DIR; };
		0AC2017D17CB0F8800A410E0 /* XCTest.framework */ = {isa = PBXFileReference; lastKnownFileType = wrapper.framework; name = XCTest.framework; path = Library/Frameworks/XCTest.framework; sourceTree = DEVELOPER_DIR; };
		0AC2018617CB0F8800A410E0 /* ExampleTests-Info.plist */ = {isa = PBXFileReference; lastKnownFileType = text.plist.xml; path = "ExampleTests-Info.plist"; sourceTree = "<group>"; };
		0AC2018817CB0F8800A410E0 /* en */ = {isa = PBXFileReference; lastKnownFileType = text.plist.strings; name = en; path = en.lproj/InfoPlist.strings; sourceTree = "<group>"; };
		0AC2018A17CB0F8800A410E0 /* ExampleTests.m */ = {isa = PBXFileReference; lastKnownFileType = sourcecode.c.objc; path = ExampleTests.m; sourceTree = "<group>"; };
		0AC2019C17CB10CF00A410E0 /* KSGlobals.h */ = {isa = PBXFileReference; fileEncoding = 4; lastKnownFileType = sourcecode.c.h; path = KSGlobals.h; sourceTree = "<group>"; };
		0AC2019D17CB10CF00A410E0 /* KSGlobals.m */ = {isa = PBXFileReference; fileEncoding = 4; lastKnownFileType = sourcecode.c.objc; path = KSGlobals.m; sourceTree = "<group>"; };
		0AC201AE17CB121400A410E0 /* KSUser.h */ = {isa = PBXFileReference; fileEncoding = 4; lastKnownFileType = sourcecode.c.h; path = KSUser.h; sourceTree = "<group>"; };
		0AC201AF17CB121400A410E0 /* KSUser.m */ = {isa = PBXFileReference; fileEncoding = 4; lastKnownFileType = sourcecode.c.objc; path = KSUser.m; sourceTree = "<group>"; };
		0AC201B117CB121400A410E0 /* KSNotification.h */ = {isa = PBXFileReference; fileEncoding = 4; lastKnownFileType = sourcecode.c.h; path = KSNotification.h; sourceTree = "<group>"; };
		0AC201B217CB121400A410E0 /* KSNotification.m */ = {isa = PBXFileReference; fileEncoding = 4; lastKnownFileType = sourcecode.c.objc; path = KSNotification.m; sourceTree = "<group>"; };
		0AC201B417CB121400A410E0 /* KSProject.h */ = {isa = PBXFileReference; fileEncoding = 4; lastKnownFileType = sourcecode.c.h; path = KSProject.h; sourceTree = "<group>"; };
		0AC201B517CB121400A410E0 /* KSProject.m */ = {isa = PBXFileReference; fileEncoding = 4; lastKnownFileType = sourcecode.c.objc; path = KSProject.m; sourceTree = "<group>"; };
		0AC201B717CB121400A410E0 /* KSTask.h */ = {isa = PBXFileReference; fileEncoding = 4; lastKnownFileType = sourcecode.c.h; path = KSTask.h; sourceTree = "<group>"; };
		0AC201B817CB121400A410E0 /* KSTask.m */ = {isa = PBXFileReference; fileEncoding = 4; lastKnownFileType = sourcecode.c.objc; path = KSTask.m; sourceTree = "<group>"; };
		0AC201BA17CB121F00A410E0 /* KSSession.h */ = {isa = PBXFileReference; fileEncoding = 4; lastKnownFileType = sourcecode.c.h; path = KSSession.h; sourceTree = "<group>"; };
		0AC201BB17CB121F00A410E0 /* KSSession.m */ = {isa = PBXFileReference; fileEncoding = 4; lastKnownFileType = sourcecode.c.objc; path = KSSession.m; sourceTree = "<group>"; };
		0AC201C017CB12AE00A410E0 /* KSProjectsViewController.h */ = {isa = PBXFileReference; fileEncoding = 4; lastKnownFileType = sourcecode.c.h; path = KSProjectsViewController.h; sourceTree = "<group>"; };
		0AC201C117CB12AE00A410E0 /* KSProjectsViewController.m */ = {isa = PBXFileReference; fileEncoding = 4; lastKnownFileType = sourcecode.c.objc; path = KSProjectsViewController.m; sourceTree = "<group>"; };
		0AC201C317CB12BA00A410E0 /* KSTasksViewController.h */ = {isa = PBXFileReference; fileEncoding = 4; lastKnownFileType = sourcecode.c.h; path = KSTasksViewController.h; sourceTree = "<group>"; };
		0AC201C417CB12BA00A410E0 /* KSTasksViewController.m */ = {isa = PBXFileReference; fileEncoding = 4; lastKnownFileType = sourcecode.c.objc; path = KSTasksViewController.m; sourceTree = "<group>"; };
		0AC201C617CB12DC00A410E0 /* KSAuthenticationViewController.h */ = {isa = PBXFileReference; fileEncoding = 4; lastKnownFileType = sourcecode.c.h; path = KSAuthenticationViewController.h; sourceTree = "<group>"; };
		0AC201C717CB12DC00A410E0 /* KSAuthenticationViewController.m */ = {isa = PBXFileReference; fileEncoding = 4; lastKnownFileType = sourcecode.c.objc; path = KSAuthenticationViewController.m; sourceTree = "<group>"; };
/* End PBXFileReference section */

/* Begin PBXFrameworksBuildPhase section */
		0AC2014D17CB0F8800A410E0 /* Frameworks */ = {
			isa = PBXFrameworksBuildPhase;
			buildActionMask = 2147483647;
			files = (
				0AC2015617CB0F8800A410E0 /* CoreGraphics.framework in Frameworks */,
				0AC2015A17CB0F8800A410E0 /* CoreData.framework in Frameworks */,
				0AC2015817CB0F8800A410E0 /* UIKit.framework in Frameworks */,
				0AC2015417CB0F8800A410E0 /* Foundation.framework in Frameworks */,
			);
			runOnlyForDeploymentPostprocessing = 0;
		};
		0AC2017917CB0F8800A410E0 /* Frameworks */ = {
			isa = PBXFrameworksBuildPhase;
			buildActionMask = 2147483647;
			files = (
				0AC2017E17CB0F8800A410E0 /* XCTest.framework in Frameworks */,
				0AC2018117CB0F8800A410E0 /* CoreData.framework in Frameworks */,
				0AC2018017CB0F8800A410E0 /* UIKit.framework in Frameworks */,
				0AC2017F17CB0F8800A410E0 /* Foundation.framework in Frameworks */,
			);
			runOnlyForDeploymentPostprocessing = 0;
		};
/* End PBXFrameworksBuildPhase section */

/* Begin PBXGroup section */
		0ABA988617CF252500542B09 /* Storyboads */ = {
			isa = PBXGroup;
			children = (
				0AC2016717CB0F8800A410E0 /* Main_iPhone.storyboard */,
				0AC2016A17CB0F8800A410E0 /* Main_iPad.storyboard */,
				0ABA988217CF250D00542B09 /* Auth_iPhone.storyboard */,
				0ABA988417CF251E00542B09 /* Auth_iPad.storyboard */,
			);
			name = Storyboads;
			sourceTree = "<group>";
		};
		0ABA988717CF254F00542B09 /* Auth */ = {
			isa = PBXGroup;
			children = (
				0AC201C617CB12DC00A410E0 /* KSAuthenticationViewController.h */,
				0AC201C717CB12DC00A410E0 /* KSAuthenticationViewController.m */,
				0ABA988817CF256600542B09 /* KSSignupViewController.h */,
				0ABA988917CF256600542B09 /* KSSignupViewController.m */,
				0ABA988B17CF256D00542B09 /* KSLoginViewController.h */,
				0ABA988C17CF256D00542B09 /* KSLoginViewController.m */,
			);
			name = Auth;
			sourceTree = "<group>";
		};
		0ABA988E17CF257200542B09 /* Main */ = {
			isa = PBXGroup;
			children = (
				0AC2017017CB0F8800A410E0 /* KSMasterViewController.h */,
				0AC2017117CB0F8800A410E0 /* KSMasterViewController.m */,
				0AC2017317CB0F8800A410E0 /* KSDetailViewController.h */,
				0AC2017417CB0F8800A410E0 /* KSDetailViewController.m */,
				0AC201C017CB12AE00A410E0 /* KSProjectsViewController.h */,
				0AC201C117CB12AE00A410E0 /* KSProjectsViewController.m */,
				0AC201C317CB12BA00A410E0 /* KSTasksViewController.h */,
				0AC201C417CB12BA00A410E0 /* KSTasksViewController.m */,
			);
			name = Main;
			sourceTree = "<group>";
		};
		0AC2014717CB0F8800A410E0 = {
			isa = PBXGroup;
			children = (
				0AC2015B17CB0F8800A410E0 /* Example */,
				0AC2018417CB0F8800A410E0 /* ExampleTests */,
				0AC2015217CB0F8800A410E0 /* Frameworks */,
				0AC2015117CB0F8800A410E0 /* Products */,
			);
			sourceTree = "<group>";
		};
		0AC2015117CB0F8800A410E0 /* Products */ = {
			isa = PBXGroup;
			children = (
				0AC2015017CB0F8800A410E0 /* Example.app */,
				0AC2017C17CB0F8800A410E0 /* ExampleTests.xctest */,
			);
			name = Products;
			sourceTree = "<group>";
		};
		0AC2015217CB0F8800A410E0 /* Frameworks */ = {
			isa = PBXGroup;
			children = (
				0AC2015317CB0F8800A410E0 /* Foundation.framework */,
				0AC2015517CB0F8800A410E0 /* CoreGraphics.framework */,
				0AC2015717CB0F8800A410E0 /* UIKit.framework */,
				0AC2015917CB0F8800A410E0 /* CoreData.framework */,
				0AC2017D17CB0F8800A410E0 /* XCTest.framework */,
			);
			name = Frameworks;
			sourceTree = "<group>";
		};
		0AC2015B17CB0F8800A410E0 /* Example */ = {
			isa = PBXGroup;
			children = (
				0AC2019517CB107E00A410E0 /* Globals */,
				0AC2019617CB108100A410E0 /* Delegate */,
				0AC2019717CB108900A410E0 /* Models */,
				0AC2019817CB108F00A410E0 /* Views */,
				0AC2019917CB109400A410E0 /* Controllers */,
				0AC2019A17CB109F00A410E0 /* Extensions */,
				0AC2019B17CB10AD00A410E0 /* Libraries */,
				0ABA988617CF252500542B09 /* Storyboads */,
				0AC2017617CB0F8800A410E0 /* Images.xcassets */,
				0AC2016D17CB0F8800A410E0 /* Example.xcdatamodeld */,
				0AC2015C17CB0F8800A410E0 /* Supporting Files */,
			);
			path = Example;
			sourceTree = "<group>";
		};
		0AC2015C17CB0F8800A410E0 /* Supporting Files */ = {
			isa = PBXGroup;
			children = (
				0AC2015D17CB0F8800A410E0 /* Example-Info.plist */,
				0AC2015E17CB0F8800A410E0 /* InfoPlist.strings */,
				0AC2016117CB0F8800A410E0 /* main.m */,
				0AC2016317CB0F8800A410E0 /* Example-Prefix.pch */,
			);
			name = "Supporting Files";
			sourceTree = "<group>";
		};
		0AC2018417CB0F8800A410E0 /* ExampleTests */ = {
			isa = PBXGroup;
			children = (
				0AC2018A17CB0F8800A410E0 /* ExampleTests.m */,
				0AC2018517CB0F8800A410E0 /* Supporting Files */,
			);
			path = ExampleTests;
			sourceTree = "<group>";
		};
		0AC2018517CB0F8800A410E0 /* Supporting Files */ = {
			isa = PBXGroup;
			children = (
				0AC2018617CB0F8800A410E0 /* ExampleTests-Info.plist */,
				0AC2018717CB0F8800A410E0 /* InfoPlist.strings */,
			);
			name = "Supporting Files";
			sourceTree = "<group>";
		};
		0AC2019517CB107E00A410E0 /* Globals */ = {
			isa = PBXGroup;
			children = (
				0AC2019C17CB10CF00A410E0 /* KSGlobals.h */,
				0AC2019D17CB10CF00A410E0 /* KSGlobals.m */,
				0ABA98D617CF296A00542B09 /* KSHelper.h */,
				0ABA98D717CF296A00542B09 /* KSHelper.m */,
			);
			name = Globals;
			sourceTree = "<group>";
		};
		0AC2019617CB108100A410E0 /* Delegate */ = {
			isa = PBXGroup;
			children = (
				0AC2016417CB0F8800A410E0 /* KSAppDelegate.h */,
				0AC2016517CB0F8800A410E0 /* KSAppDelegate.m */,
			);
			name = Delegate;
			sourceTree = "<group>";
		};
		0AC2019717CB108900A410E0 /* Models */ = {
			isa = PBXGroup;
			children = (
				0AC201B717CB121400A410E0 /* KSTask.h */,
				0AC201B817CB121400A410E0 /* KSTask.m */,
				0AC201B417CB121400A410E0 /* KSProject.h */,
				0AC201B517CB121400A410E0 /* KSProject.m */,
				0AC201B117CB121400A410E0 /* KSNotification.h */,
				0AC201B217CB121400A410E0 /* KSNotification.m */,
				0AC201AE17CB121400A410E0 /* KSUser.h */,
				0AC201AF17CB121400A410E0 /* KSUser.m */,
				0AC201BA17CB121F00A410E0 /* KSSession.h */,
				0AC201BB17CB121F00A410E0 /* KSSession.m */,
			);
			name = Models;
			sourceTree = "<group>";
		};
		0AC2019817CB108F00A410E0 /* Views */ = {
			isa = PBXGroup;
			children = (
			);
			name = Views;
			sourceTree = "<group>";
		};
		0AC2019917CB109400A410E0 /* Controllers */ = {
			isa = PBXGroup;
			children = (
				0ABA988E17CF257200542B09 /* Main */,
				0ABA988717CF254F00542B09 /* Auth */,
			);
			name = Controllers;
			sourceTree = "<group>";
		};
		0AC2019A17CB109F00A410E0 /* Extensions */ = {
			isa = PBXGroup;
			children = (
			);
			name = Extensions;
			sourceTree = "<group>";
		};
		0AC2019B17CB10AD00A410E0 /* Libraries */ = {
			isa = PBXGroup;
			children = (
			);
			name = Libraries;
			sourceTree = "<group>";
		};
/* End PBXGroup section */

/* Begin PBXNativeTarget section */
		0AC2014F17CB0F8800A410E0 /* Example */ = {
			isa = PBXNativeTarget;
			buildConfigurationList = 0AC2018E17CB0F8800A410E0 /* Build configuration list for PBXNativeTarget "Example" */;
			buildPhases = (
				0AC2014C17CB0F8800A410E0 /* Sources */,
				0AC2014D17CB0F8800A410E0 /* Frameworks */,
				0AC2014E17CB0F8800A410E0 /* Resources */,
			);
			buildRules = (
			);
			dependencies = (
			);
			name = Example;
			productName = Example;
			productReference = 0AC2015017CB0F8800A410E0 /* Example.app */;
			productType = "com.apple.product-type.application";
		};
		0AC2017B17CB0F8800A410E0 /* ExampleTests */ = {
			isa = PBXNativeTarget;
			buildConfigurationList = 0AC2019117CB0F8800A410E0 /* Build configuration list for PBXNativeTarget "ExampleTests" */;
			buildPhases = (
				0AC2017817CB0F8800A410E0 /* Sources */,
				0AC2017917CB0F8800A410E0 /* Frameworks */,
				0AC2017A17CB0F8800A410E0 /* Resources */,
			);
			buildRules = (
			);
			dependencies = (
				0AC2018317CB0F8800A410E0 /* PBXTargetDependency */,
			);
			name = ExampleTests;
			productName = ExampleTests;
			productReference = 0AC2017C17CB0F8800A410E0 /* ExampleTests.xctest */;
			productType = "com.apple.product-type.bundle.unit-test";
		};
/* End PBXNativeTarget section */

/* Begin PBXProject section */
		0AC2014817CB0F8800A410E0 /* Project object */ = {
			isa = PBXProject;
			attributes = {
				CLASSPREFIX = KS;
				LastUpgradeCheck = 0500;
				ORGANIZATIONNAME = "Kevin Sylvestre";
				TargetAttributes = {
					0AC2017B17CB0F8800A410E0 = {
						TestTargetID = 0AC2014F17CB0F8800A410E0;
					};
				};
			};
			buildConfigurationList = 0AC2014B17CB0F8800A410E0 /* Build configuration list for PBXProject "Example" */;
			compatibilityVersion = "Xcode 3.2";
			developmentRegion = English;
			hasScannedForEncodings = 0;
			knownRegions = (
				en,
				Base,
			);
			mainGroup = 0AC2014717CB0F8800A410E0;
			productRefGroup = 0AC2015117CB0F8800A410E0 /* Products */;
			projectDirPath = "";
			projectRoot = "";
			targets = (
				0AC2014F17CB0F8800A410E0 /* Example */,
				0AC2017B17CB0F8800A410E0 /* ExampleTests */,
			);
		};
/* End PBXProject section */

/* Begin PBXResourcesBuildPhase section */
		0AC2014E17CB0F8800A410E0 /* Resources */ = {
			isa = PBXResourcesBuildPhase;
			buildActionMask = 2147483647;
			files = (
				0AC2016C17CB0F8800A410E0 /* Main_iPad.storyboard in Resources */,
				0ABA988317CF250D00542B09 /* Auth_iPhone.storyboard in Resources */,
				0AC2017717CB0F8800A410E0 /* Images.xcassets in Resources */,
				0AC2016917CB0F8800A410E0 /* Main_iPhone.storyboard in Resources */,
				0ABA988517CF251E00542B09 /* Auth_iPad.storyboard in Resources */,
				0AC2016017CB0F8800A410E0 /* InfoPlist.strings in Resources */,
			);
			runOnlyForDeploymentPostprocessing = 0;
		};
		0AC2017A17CB0F8800A410E0 /* Resources */ = {
			isa = PBXResourcesBuildPhase;
			buildActionMask = 2147483647;
			files = (
				0AC2018917CB0F8800A410E0 /* InfoPlist.strings in Resources */,
			);
			runOnlyForDeploymentPostprocessing = 0;
		};
/* End PBXResourcesBuildPhase section */

/* Begin PBXSourcesBuildPhase section */
		0AC2014C17CB0F8800A410E0 /* Sources */ = {
			isa = PBXSourcesBuildPhase;
			buildActionMask = 2147483647;
			files = (
				0AC201B317CB121400A410E0 /* KSNotification.m in Sources */,
				0AC201B617CB121400A410E0 /* KSProject.m in Sources */,
				0ABA98D817CF296A00542B09 /* KSHelper.m in Sources */,
				0AC201B917CB121400A410E0 /* KSTask.m in Sources */,
				0AC201BC17CB121F00A410E0 /* KSSession.m in Sources */,
				0AC201C817CB12DC00A410E0 /* KSAuthenticationViewController.m in Sources */,
				0AC2017217CB0F8800A410E0 /* KSMasterViewController.m in Sources */,
				0AC2016617CB0F8800A410E0 /* KSAppDelegate.m in Sources */,
				0AC2019E17CB10CF00A410E0 /* KSGlobals.m in Sources */,
				0ABA988D17CF256D00542B09 /* KSLoginViewController.m in Sources */,
				0AC2016F17CB0F8800A410E0 /* Example.xcdatamodeld in Sources */,
				0AC201C217CB12AE00A410E0 /* KSProjectsViewController.m in Sources */,
				0AC2016217CB0F8800A410E0 /* main.m in Sources */,
				0AC201C517CB12BA00A410E0 /* KSTasksViewController.m in Sources */,
				0AC201B017CB121400A410E0 /* KSUser.m in Sources */,
				0ABA988A17CF256600542B09 /* KSSignupViewController.m in Sources */,
				0AC2017517CB0F8800A410E0 /* KSDetailViewController.m in Sources */,
			);
			runOnlyForDeploymentPostprocessing = 0;
		};
		0AC2017817CB0F8800A410E0 /* Sources */ = {
			isa = PBXSourcesBuildPhase;
			buildActionMask = 2147483647;
			files = (
				0AC2018B17CB0F8800A410E0 /* ExampleTests.m in Sources */,
			);
			runOnlyForDeploymentPostprocessing = 0;
		};
/* End PBXSourcesBuildPhase section */

/* Begin PBXTargetDependency section */
		0AC2018317CB0F8800A410E0 /* PBXTargetDependency */ = {
			isa = PBXTargetDependency;
			target = 0AC2014F17CB0F8800A410E0 /* Example */;
			targetProxy = 0AC2018217CB0F8800A410E0 /* PBXContainerItemProxy */;
		};
/* End PBXTargetDependency section */

/* Begin PBXVariantGroup section */
		0AC2015E17CB0F8800A410E0 /* InfoPlist.strings */ = {
			isa = PBXVariantGroup;
			children = (
				0AC2015F17CB0F8800A410E0 /* en */,
			);
			name = InfoPlist.strings;
			sourceTree = "<group>";
		};
		0AC2016717CB0F8800A410E0 /* Main_iPhone.storyboard */ = {
			isa = PBXVariantGroup;
			children = (
				0AC2016817CB0F8800A410E0 /* Base */,
			);
			name = Main_iPhone.storyboard;
			sourceTree = "<group>";
		};
		0AC2016A17CB0F8800A410E0 /* Main_iPad.storyboard */ = {
			isa = PBXVariantGroup;
			children = (
				0AC2016B17CB0F8800A410E0 /* Base */,
			);
			name = Main_iPad.storyboard;
			sourceTree = "<group>";
		};
		0AC2018717CB0F8800A410E0 /* InfoPlist.strings */ = {
			isa = PBXVariantGroup;
			children = (
				0AC2018817CB0F8800A410E0 /* en */,
			);
			name = InfoPlist.strings;
			sourceTree = "<group>";
		};
/* End PBXVariantGroup section */

/* Begin XCBuildConfiguration section */
		0AC2018C17CB0F8800A410E0 /* Debug */ = {
			isa = XCBuildConfiguration;
			buildSettings = {
				ALWAYS_SEARCH_USER_PATHS = NO;
				CLANG_CXX_LANGUAGE_STANDARD = "gnu++0x";
				CLANG_CXX_LIBRARY = "libc++";
				CLANG_ENABLE_MODULES = YES;
				CLANG_ENABLE_OBJC_ARC = YES;
				CLANG_WARN_BOOL_CONVERSION = YES;
				CLANG_WARN_CONSTANT_CONVERSION = YES;
				CLANG_WARN_DIRECT_OBJC_ISA_USAGE = YES_ERROR;
				CLANG_WARN_EMPTY_BODY = YES;
				CLANG_WARN_ENUM_CONVERSION = YES;
				CLANG_WARN_INT_CONVERSION = YES;
				CLANG_WARN_OBJC_ROOT_CLASS = YES_ERROR;
				CLANG_WARN__DUPLICATE_METHOD_MATCH = YES;
				"CODE_SIGN_IDENTITY[sdk=iphoneos*]" = "iPhone Developer";
				COPY_PHASE_STRIP = NO;
				GCC_C_LANGUAGE_STANDARD = gnu99;
				GCC_DYNAMIC_NO_PIC = NO;
				GCC_OPTIMIZATION_LEVEL = 0;
				GCC_PREPROCESSOR_DEFINITIONS = (
					"DEBUG=1",
					"$(inherited)",
				);
				GCC_SYMBOLS_PRIVATE_EXTERN = NO;
				GCC_WARN_ABOUT_RETURN_TYPE = YES_ERROR;
				GCC_WARN_UNDECLARED_SELECTOR = YES;
				GCC_WARN_UNINITIALIZED_AUTOS = YES;
				GCC_WARN_UNUSED_FUNCTION = YES;
				GCC_WARN_UNUSED_VARIABLE = YES;
				IPHONEOS_DEPLOYMENT_TARGET = 7.0;
				ONLY_ACTIVE_ARCH = YES;
				SDKROOT = iphoneos;
				TARGETED_DEVICE_FAMILY = "1,2";
			};
			name = Debug;
		};
		0AC2018D17CB0F8800A410E0 /* Release */ = {
			isa = XCBuildConfiguration;
			buildSettings = {
				ALWAYS_SEARCH_USER_PATHS = NO;
				CLANG_CXX_LANGUAGE_STANDARD = "gnu++0x";
				CLANG_CXX_LIBRARY = "libc++";
				CLANG_ENABLE_MODULES = YES;
				CLANG_ENABLE_OBJC_ARC = YES;
				CLANG_WARN_BOOL_CONVERSION = YES;
				CLANG_WARN_CONSTANT_CONVERSION = YES;
				CLANG_WARN_DIRECT_OBJC_ISA_USAGE = YES_ERROR;
				CLANG_WARN_EMPTY_BODY = YES;
				CLANG_WARN_ENUM_CONVERSION = YES;
				CLANG_WARN_INT_CONVERSION = YES;
				CLANG_WARN_OBJC_ROOT_CLASS = YES_ERROR;
				CLANG_WARN__DUPLICATE_METHOD_MATCH = YES;
				"CODE_SIGN_IDENTITY[sdk=iphoneos*]" = "iPhone Developer";
				COPY_PHASE_STRIP = YES;
				ENABLE_NS_ASSERTIONS = NO;
				GCC_C_LANGUAGE_STANDARD = gnu99;
				GCC_WARN_ABOUT_RETURN_TYPE = YES_ERROR;
				GCC_WARN_UNDECLARED_SELECTOR = YES;
				GCC_WARN_UNINITIALIZED_AUTOS = YES;
				GCC_WARN_UNUSED_FUNCTION = YES;
				GCC_WARN_UNUSED_VARIABLE = YES;
				IPHONEOS_DEPLOYMENT_TARGET = 7.0;
				SDKROOT = iphoneos;
				TARGETED_DEVICE_FAMILY = "1,2";
				VALIDATE_PRODUCT = YES;
			};
			name = Release;
		};
		0AC2018F17CB0F8800A410E0 /* Debug */ = {
			isa = XCBuildConfiguration;
			buildSettings = {
				ASSETCATALOG_COMPILER_APPICON_NAME = AppIcon;
				ASSETCATALOG_COMPILER_LAUNCHIMAGE_NAME = LaunchImage;
				GCC_PRECOMPILE_PREFIX_HEADER = YES;
				GCC_PREFIX_HEADER = "Example/Example-Prefix.pch";
				INFOPLIST_FILE = "Example/Example-Info.plist";
				PRODUCT_NAME = "$(TARGET_NAME)";
				WRAPPER_EXTENSION = app;
			};
			name = Debug;
		};
		0AC2019017CB0F8800A410E0 /* Release */ = {
			isa = XCBuildConfiguration;
			buildSettings = {
				ASSETCATALOG_COMPILER_APPICON_NAME = AppIcon;
				ASSETCATALOG_COMPILER_LAUNCHIMAGE_NAME = LaunchImage;
				GCC_PRECOMPILE_PREFIX_HEADER = YES;
				GCC_PREFIX_HEADER = "Example/Example-Prefix.pch";
				INFOPLIST_FILE = "Example/Example-Info.plist";
				PRODUCT_NAME = "$(TARGET_NAME)";
				WRAPPER_EXTENSION = app;
			};
			name = Release;
		};
		0AC2019217CB0F8800A410E0 /* Debug */ = {
			isa = XCBuildConfiguration;
			buildSettings = {
				BUNDLE_LOADER = "$(BUILT_PRODUCTS_DIR)/Example.app/Example";
				FRAMEWORK_SEARCH_PATHS = (
					"$(SDKROOT)/Developer/Library/Frameworks",
					"$(inherited)",
					"$(DEVELOPER_FRAMEWORKS_DIR)",
				);
				GCC_PRECOMPILE_PREFIX_HEADER = YES;
				GCC_PREFIX_HEADER = "Example/Example-Prefix.pch";
				GCC_PREPROCESSOR_DEFINITIONS = (
					"DEBUG=1",
					"$(inherited)",
				);
				INFOPLIST_FILE = "ExampleTests/ExampleTests-Info.plist";
				PRODUCT_NAME = "$(TARGET_NAME)";
				TEST_HOST = "$(BUNDLE_LOADER)";
				WRAPPER_EXTENSION = xctest;
			};
			name = Debug;
		};
		0AC2019317CB0F8800A410E0 /* Release */ = {
			isa = XCBuildConfiguration;
			buildSettings = {
				BUNDLE_LOADER = "$(BUILT_PRODUCTS_DIR)/Example.app/Example";
				FRAMEWORK_SEARCH_PATHS = (
					"$(SDKROOT)/Developer/Library/Frameworks",
					"$(inherited)",
					"$(DEVELOPER_FRAMEWORKS_DIR)",
				);
				GCC_PRECOMPILE_PREFIX_HEADER = YES;
				GCC_PREFIX_HEADER = "Example/Example-Prefix.pch";
				INFOPLIST_FILE = "ExampleTests/ExampleTests-Info.plist";
				PRODUCT_NAME = "$(TARGET_NAME)";
				TEST_HOST = "$(BUNDLE_LOADER)";
				WRAPPER_EXTENSION = xctest;
			};
			name = Release;
		};
/* End XCBuildConfiguration section */

/* Begin XCConfigurationList section */
		0AC2014B17CB0F8800A410E0 /* Build configuration list for PBXProject "Example" */ = {
			isa = XCConfigurationList;
			buildConfigurations = (
				0AC2018C17CB0F8800A410E0 /* Debug */,
				0AC2018D17CB0F8800A410E0 /* Release */,
			);
			defaultConfigurationIsVisible = 0;
			defaultConfigurationName = Release;
		};
		0AC2018E17CB0F8800A410E0 /* Build configuration list for PBXNativeTarget "Example" */ = {
			isa = XCConfigurationList;
			buildConfigurations = (
				0AC2018F17CB0F8800A410E0 /* Debug */,
				0AC2019017CB0F8800A410E0 /* Release */,
			);
			defaultConfigurationIsVisible = 0;
			defaultConfigurationName = Release;
		};
		0AC2019117CB0F8800A410E0 /* Build configuration list for PBXNativeTarget "ExampleTests" */ = {
			isa = XCConfigurationList;
			buildConfigurations = (
				0AC2019217CB0F8800A410E0 /* Debug */,
				0AC2019317CB0F8800A410E0 /* Release */,
			);
			defaultConfigurationIsVisible = 0;
			defaultConfigurationName = Release;
		};
/* End XCConfigurationList section */

/* Begin XCVersionGroup section */
		0AC2016D17CB0F8800A410E0 /* Example.xcdatamodeld */ = {
			isa = XCVersionGroup;
			children = (
				0AC2016E17CB0F8800A410E0 /* Example.xcdatamodel */,
			);
			currentVersion = 0AC2016E17CB0F8800A410E0 /* Example.xcdatamodel */;
			path = Example.xcdatamodeld;
			sourceTree = "<group>";
			versionGroupType = wrapper.xcdatamodel;
		};
/* End XCVersionGroup section */
	};
	rootObject = 0AC2014817CB0F8800A410E0 /* Project object */;
}
